
Microsoft Visual Studio Solution File, Format Version 12.00
# Visual Studio 15
VisualStudioVersion = 15.0.28010.2048
MinimumVisualStudioVersion = 10.0.40219.1
Project("{FAE04EC0-301F-11D3-BF4B-00C04F79EFBC}") = "Calculator", "Calculator\Calculator.csproj", "{3EAA3196-7410-4887-AC1A-EDE7EEE773E6}"
EndProject
Project("{FAE04EC0-301F-11D3-BF4B-00C04F79EFBC}") = "Calculator.Test.Unit", "Calculator.Test.Unit\Calculator.Test.Unit.csproj", "{C403749C-2D24-46AB-985D-354314AD52DC}"
EndProject
Global
	GlobalSection(SolutionConfigurationPlatforms) = preSolution
		Debug|Any CPU = Debug|Any CPU
		Release|Any CPU = Release|Any CPU
	EndGlobalSection
	GlobalSection(ProjectConfigurationPlatforms) = postSolution
		{3EAA3196-7410-4887-AC1A-EDE7EEE773E6}.Debug|Any CPU.ActiveCfg = Debug|Any CPU
		{3EAA3196-7410-4887-AC1A-EDE7EEE773E6}.Debug|Any CPU.Build.0 = Debug|Any CPU
		{3EAA3196-7410-4887-AC1A-EDE7EEE773E6}.Release|Any CPU.ActiveCfg = Release|Any CPU
		{3EAA3196-7410-4887-AC1A-EDE7EEE773E6}.Release|Any CPU.Build.0 = Release|Any CPU
		{C403749C-2D24-46AB-985D-354314AD52DC}.Debug|Any CPU.ActiveCfg = Debug|Any CPU
		{C403749C-2D24-46AB-985D-354314AD52DC}.Debug|Any CPU.Build.0 = Debug|Any CPU
		{C403749C-2D24-46AB-985D-354314AD52DC}.Release|Any CPU.ActiveCfg = Release|Any CPU
		{C403749C-2D24-46AB-985D-354314AD52DC}.Release|Any CPU.Build.0 = Release|Any CPU
	EndGlobalSection
	GlobalSection(SolutionProperties) = preSolution
		HideSolutionNode = FALSE
	EndGlobalSection
	GlobalSection(ExtensibilityGlobals) = postSolution
		SolutionGuid = {1D24122C-C69F-46C9-85ED-6A1BF0787611}
	EndGlobalSection
EndGlobal
